{
  "name": "msm",
  "version": "1.0.0",
  "lockfileVersion": 2,
  "requires": true,
  "packages": {
    "": {
      "name": "msm",
      "version": "1.0.0",
      "license": "MIT",
      "dependencies": {
        "@noble/bls12-381": "^1.2.0",
        "wabt": "^1.0.24",
        "watever-js-wrapper": "file:../../watever/watever-js-wrapper",
        "watever-js-wrapper-sync": "file:../../watever/watever-js-wrapper-sync"
      },
      "devDependencies": {
        "watever": "file:../../watever"
      }
    },
    "../../watever": {
      "version": "0.5.2",
      "license": "MIT",
      "workspaces": [
        "watever-js-wrapper"
      ],
      "dependencies": {
        "@webassemblyjs/ast": "https://github.com/mitschabaude/webassemblyjs/releases/latest/download/webassemblyjs-ast.tgz",
        "@webassemblyjs/wasm-parser": "https://github.com/mitschabaude/webassemblyjs/releases/latest/download/webassemblyjs-wasm-parser.tgz",
        "@webassemblyjs/wast-parser": "https://github.com/mitschabaude/webassemblyjs/releases/latest/download/webassemblyjs-wast-parser.tgz",
        "@webassemblyjs/wast-printer": "https://github.com/mitschabaude/webassemblyjs/releases/latest/download/webassemblyjs-wast-printer.tgz",
        "fast-base64": "^0.1.8",
        "minimist": "^1.2.5",
        "parse-imports": "^1.1.0",
        "wabt": "^1.0.24",
        "watever-js-wrapper": "0.3.2"
      },
      "bin": {
        "watever": "bin/watever.js"
      },
      "devDependencies": {
        "chrode": "^0.3.2",
        "eslint": "^8.0.0-beta.2"
      }
    },
    "../../watever/watever-js-wrapper": {
      "version": "0.3.2",
      "license": "MIT",
      "devDependencies": {}
    },
    "../../watever/watever-js-wrapper-sync": {
      "version": "0.3.2",
      "license": "MIT",
      "devDependencies": {}
    },
    "node_modules/@noble/bls12-381": {
      "version": "1.2.0",
      "resolved": "https://registry.npmjs.org/@noble/bls12-381/-/bls12-381-1.2.0.tgz",
      "integrity": "sha512-4wulV2SGeu4UxlXkNT0K88sG5g23tzmLMGFZgHSMkwz2Cd2zx2YFJNTEghdLioNdludTZQ5iQpMkQxrtyuS0mw=="
    },
    "node_modules/wabt": {
      "version": "1.0.24",
      "resolved": "https://registry.npmjs.org/wabt/-/wabt-1.0.24.tgz",
      "integrity": "sha512-8l7sIOd3i5GWfTWciPL0+ff/FK/deVK2Q6FN+MPz4vfUcD78i2M/49XJTwF6aml91uIiuXJEsLKWMB2cw/mtKg==",
      "bin": {
        "wasm-decompile": "bin/wasm-decompile",
        "wasm-interp": "bin/wasm-interp",
        "wasm-objdump": "bin/wasm-objdump",
        "wasm-opcodecnt": "bin/wasm-opcodecnt",
        "wasm-strip": "bin/wasm-strip",
        "wasm-validate": "bin/wasm-validate",
        "wasm2c": "bin/wasm2c",
        "wasm2wat": "bin/wasm2wat",
        "wat2wasm": "bin/wat2wasm"
      }
    },
    "node_modules/watever": {
      "resolved": "../../watever",
      "link": true
    },
    "node_modules/watever-js-wrapper": {
      "resolved": "../../watever/watever-js-wrapper",
      "link": true
    },
    "node_modules/watever-js-wrapper-sync": {
      "resolved": "../../watever/watever-js-wrapper-sync",
      "link": true
    }
  },
  "dependencies": {
    "@noble/bls12-381": {
      "version": "1.2.0",
      "resolved": "https://registry.npmjs.org/@noble/bls12-381/-/bls12-381-1.2.0.tgz",
      "integrity": "sha512-4wulV2SGeu4UxlXkNT0K88sG5g23tzmLMGFZgHSMkwz2Cd2zx2YFJNTEghdLioNdludTZQ5iQpMkQxrtyuS0mw=="
    },
    "wabt": {
      "version": "1.0.24",
      "resolved": "https://registry.npmjs.org/wabt/-/wabt-1.0.24.tgz",
      "integrity": "sha512-8l7sIOd3i5GWfTWciPL0+ff/FK/deVK2Q6FN+MPz4vfUcD78i2M/49XJTwF6aml91uIiuXJEsLKWMB2cw/mtKg=="
    },
    "watever": {
      "version": "file:../../watever",
      "requires": {
        "@webassemblyjs/ast": "https://github.com/mitschabaude/webassemblyjs/releases/latest/download/webassemblyjs-ast.tgz",
        "@webassemblyjs/wasm-parser": "https://github.com/mitschabaude/webassemblyjs/releases/latest/download/webassemblyjs-wasm-parser.tgz",
        "@webassemblyjs/wast-parser": "https://github.com/mitschabaude/webassemblyjs/releases/latest/download/webassemblyjs-wast-parser.tgz",
        "@webassemblyjs/wast-printer": "https://github.com/mitschabaude/webassemblyjs/releases/latest/download/webassemblyjs-wast-printer.tgz",
        "chrode": "^0.3.2",
        "eslint": "^8.0.0-beta.2",
        "fast-base64": "^0.1.8",
        "minimist": "^1.2.5",
        "parse-imports": "^1.1.0",
        "wabt": "^1.0.24",
        "watever-js-wrapper": "0.3.2"
      }
    },
    "watever-js-wrapper": {
      "version": "file:../../watever/watever-js-wrapper"
    },
    "watever-js-wrapper-sync": {
      "version": "file:../../watever/watever-js-wrapper-sync"
    }
  }
}
